
Microsoft Visual Studio Solution File, Format Version 12.00
# Visual Studio 15
VisualStudioVersion = 15.0.26730.15
MinimumVisualStudioVersion = 10.0.40219.1
Project("{FAE04EC0-301F-11D3-BF4B-00C04F79EFBC}") = "DebtTerminator", "DebtTerminator\DebtTerminator.csproj", "{810E3236-6F55-4AB5-BBA0-ED8132975041}"
EndProject
Project("{FAE04EC0-301F-11D3-BF4B-00C04F79EFBC}") = "UnitTest", "UnitTest\UnitTest.csproj", "{26013EC7-1794-4BA8-BA81-2CF3E4E21BB2}"
EndProject
Global
	GlobalSection(SolutionConfigurationPlatforms) = preSolution
		Debug|Any CPU = Debug|Any CPU
		Release|Any CPU = Release|Any CPU
	EndGlobalSection
	GlobalSection(ProjectConfigurationPlatforms) = postSolution
		{810E3236-6F55-4AB5-BBA0-ED8132975041}.Debug|Any CPU.ActiveCfg = Debug|Any CPU
		{810E3236-6F55-4AB5-BBA0-ED8132975041}.Debug|Any CPU.Build.0 = Debug|Any CPU
		{810E3236-6F55-4AB5-BBA0-ED8132975041}.Release|Any CPU.ActiveCfg = Release|Any CPU
		{810E3236-6F55-4AB5-BBA0-ED8132975041}.Release|Any CPU.Build.0 = Release|Any CPU
		{26013EC7-1794-4BA8-BA81-2CF3E4E21BB2}.Debug|Any CPU.ActiveCfg = Debug|Any CPU
		{26013EC7-1794-4BA8-BA81-2CF3E4E21BB2}.Debug|Any CPU.Build.0 = Debug|Any CPU
		{26013EC7-1794-4BA8-BA81-2CF3E4E21BB2}.Release|Any CPU.ActiveCfg = Release|Any CPU
		{26013EC7-1794-4BA8-BA81-2CF3E4E21BB2}.Release|Any CPU.Build.0 = Release|Any CPU
	EndGlobalSection
	GlobalSection(SolutionProperties) = preSolution
		HideSolutionNode = FALSE
	EndGlobalSection
	GlobalSection(ExtensibilityGlobals) = postSolution
		SolutionGuid = {9FFBAF33-13A1-4FE8-A203-61EBFF490907}
	EndGlobalSection
EndGlobal
